// !$*UTF8*$!
{
	archiveVersion = 1;
	classes = {
	};
	objectVersion = 46;
	objects = {

/* Begin PBXBuildFile section */
		831551AB7391C353282ECBC5 /* libPods-PodTest.a in Frameworks */ = {isa = PBXBuildFile; fileRef = 4A25C45176D224997AC04A8B /* libPods-PodTest.a */; };
		B226BBA11EEA6FC5005458AF /* main.m in Sources */ = {isa = PBXBuildFile; fileRef = B226BBA01EEA6FC5005458AF /* main.m */; };
		B226BBA41EEA6FC5005458AF /* AppDelegate.m in Sources */ = {isa = PBXBuildFile; fileRef = B226BBA31EEA6FC5005458AF /* AppDelegate.m */; };
		B226BBA71EEA6FC5005458AF /* ViewController.m in Sources */ = {isa = PBXBuildFile; fileRef = B226BBA61EEA6FC5005458AF /* ViewController.m */; };
		B226BBAA1EEA6FC5005458AF /* Main.storyboard in Resources */ = {isa = PBXBuildFile; fileRef = B226BBA81EEA6FC5005458AF /* Main.storyboard */; };
		B226BBAC1EEA6FC5005458AF /* Assets.xcassets in Resources */ = {isa = PBXBuildFile; fileRef = B226BBAB1EEA6FC5005458AF /* Assets.xcassets */; };
		B226BBAF1EEA6FC5005458AF /* LaunchScreen.storyboard in Resources */ = {isa = PBXBuildFile; fileRef = B226BBAD1EEA6FC5005458AF /* LaunchScreen.storyboard */; };
		B226BBBA1EEA6FC5005458AF /* PodTestTests.m in Sources */ = {isa = PBXBuildFile; fileRef = B226BBB91EEA6FC5005458AF /* PodTestTests.m */; };
		B226BBC51EEA6FC5005458AF /* PodTestUITests.m in Sources */ = {isa = PBXBuildFile; fileRef = B226BBC41EEA6FC5005458AF /* PodTestUITests.m */; };
		B2BDB9811EF0D300004ED4DC /* NotificationCenter.framework in Frameworks */ = {isa = PBXBuildFile; fileRef = B2BDB9801EF0D2FF004ED4DC /* NotificationCenter.framework */; };
		B2BDB9851EF0D300004ED4DC /* TodayViewController.m in Sources */ = {isa = PBXBuildFile; fileRef = B2BDB9841EF0D300004ED4DC /* TodayViewController.m */; };
		B2BDB9881EF0D300004ED4DC /* MainInterface.storyboard in Resources */ = {isa = PBXBuildFile; fileRef = B2BDB9861EF0D300004ED4DC /* MainInterface.storyboard */; };
		B2BDB98C1EF0D300004ED4DC /* TodayExten.appex in Embed App Extensions */ = {isa = PBXBuildFile; fileRef = B2BDB97F1EF0D2FF004ED4DC /* TodayExten.appex */; settings = {ATTRIBUTES = (RemoveHeadersOnCopy, ); }; };
		B2BDB9A01EF2691B004ED4DC /* UIImage+ImageAtPointPix.m in Sources */ = {isa = PBXBuildFile; fileRef = B2BDB99F1EF2691B004ED4DC /* UIImage+ImageAtPointPix.m */; };
		B2BDB9A31EF26C03004ED4DC /* ModleController.m in Sources */ = {isa = PBXBuildFile; fileRef = B2BDB9A21EF26C03004ED4DC /* ModleController.m */; };
		B2BDB9A61EF28CA1004ED4DC /* UIViewController+PushPresent.m in Sources */ = {isa = PBXBuildFile; fileRef = B2BDB9A51EF28CA1004ED4DC /* UIViewController+PushPresent.m */; };
		B2BDB9D81EF3D72C004ED4DC /* 9squares-AlBoardman.json in Resources */ = {isa = PBXBuildFile; fileRef = B2BDB9AD1EF3D72B004ED4DC /* 9squares-AlBoardman.json */; };
		B2BDB9D91EF3D72C004ED4DC /* HamburgerArrow.json in Resources */ = {isa = PBXBuildFile; fileRef = B2BDB9AE1EF3D72B004ED4DC /* HamburgerArrow.json */; };
		B2BDB9DA1EF3D72C004ED4DC /* IconTransitions.json in Resources */ = {isa = PBXBuildFile; fileRef = B2BDB9AF1EF3D72B004ED4DC /* IconTransitions.json */; };
		B2BDB9DB1EF3D72C004ED4DC /* LottieLogo1_masked.json in Resources */ = {isa = PBXBuildFile; fileRef = B2BDB9B01EF3D72B004ED4DC /* LottieLogo1_masked.json */; };
		B2BDB9DC1EF3D72C004ED4DC /* LottieLogo1.json in Resources */ = {isa = PBXBuildFile; fileRef = B2BDB9B11EF3D72B004ED4DC /* LottieLogo1.json */; };
		B2BDB9DD1EF3D72C004ED4DC /* LottieLogo2.json in Resources */ = {isa = PBXBuildFile; fileRef = B2BDB9B21EF3D72B004ED4DC /* LottieLogo2.json */; };
		B2BDB9DE1EF3D72C004ED4DC /* MotionCorpse-Jrcanest.json in Resources */ = {isa = PBXBuildFile; fileRef = B2BDB9B31EF3D72B004ED4DC /* MotionCorpse-Jrcanest.json */; };
		B2BDB9DF1EF3D72C004ED4DC /* PinJump.json in Resources */ = {isa = PBXBuildFile; fileRef = B2BDB9B41EF3D72B004ED4DC /* PinJump.json */; };
		B2BDB9E01EF3D72C004ED4DC /* TwitterHeart.json in Resources */ = {isa = PBXBuildFile; fileRef = B2BDB9B51EF3D72B004ED4DC /* TwitterHeart.json */; };
		B2BDB9E11EF3D72C004ED4DC /* A.json in Resources */ = {isa = PBXBuildFile; fileRef = B2BDB9B71EF3D72B004ED4DC /* A.json */; };
		B2BDB9E21EF3D72C004ED4DC /* Apostrophe.json in Resources */ = {isa = PBXBuildFile; fileRef = B2BDB9B81EF3D72B004ED4DC /* Apostrophe.json */; };
		B2BDB9E31EF3D72C004ED4DC /* B.json in Resources */ = {isa = PBXBuildFile; fileRef = B2BDB9B91EF3D72B004ED4DC /* B.json */; };
		B2BDB9E41EF3D72C004ED4DC /* BlinkingCursor.json in Resources */ = {isa = PBXBuildFile; fileRef = B2BDB9BA1EF3D72B004ED4DC /* BlinkingCursor.json */; };
		B2BDB9E51EF3D72C004ED4DC /* C.json in Resources */ = {isa = PBXBuildFile; fileRef = B2BDB9BB1EF3D72B004ED4DC /* C.json */; };
		B2BDB9E61EF3D72C004ED4DC /* Colon.json in Resources */ = {isa = PBXBuildFile; fileRef = B2BDB9BC1EF3D72B004ED4DC /* Colon.json */; };
		B2BDB9E71EF3D72C004ED4DC /* Comma.json in Resources */ = {isa = PBXBuildFile; fileRef = B2BDB9BD1EF3D72B004ED4DC /* Comma.json */; };
		B2BDB9E81EF3D72C004ED4DC /* D.json in Resources */ = {isa = PBXBuildFile; fileRef = B2BDB9BE1EF3D72B004ED4DC /* D.json */; };
		B2BDB9E91EF3D72C004ED4DC /* E.json in Resources */ = {isa = PBXBuildFile; fileRef = B2BDB9BF1EF3D72B004ED4DC /* E.json */; };
		B2BDB9EA1EF3D72C004ED4DC /* F.json in Resources */ = {isa = PBXBuildFile; fileRef = B2BDB9C01EF3D72B004ED4DC /* F.json */; };
		B2BDB9EB1EF3D72C004ED4DC /* G.json in Resources */ = {isa = PBXBuildFile; fileRef = B2BDB9C11EF3D72B004ED4DC /* G.json */; };
		B2BDB9EC1EF3D72C004ED4DC /* H.json in Resources */ = {isa = PBXBuildFile; fileRef = B2BDB9C21EF3D72B004ED4DC /* H.json */; };
		B2BDB9ED1EF3D72C004ED4DC /* I.json in Resources */ = {isa = PBXBuildFile; fileRef = B2BDB9C31EF3D72B004ED4DC /* I.json */; };
		B2BDB9EE1EF3D72C004ED4DC /* J.json in Resources */ = {isa = PBXBuildFile; fileRef = B2BDB9C41EF3D72B004ED4DC /* J.json */; };
		B2BDB9EF1EF3D72C004ED4DC /* K.json in Resources */ = {isa = PBXBuildFile; fileRef = B2BDB9C51EF3D72B004ED4DC /* K.json */; };
		B2BDB9F01EF3D72C004ED4DC /* L.json in Resources */ = {isa = PBXBuildFile; fileRef = B2BDB9C61EF3D72B004ED4DC /* L.json */; };
		B2BDB9F11EF3D72C004ED4DC /* M.json in Resources */ = {isa = PBXBuildFile; fileRef = B2BDB9C71EF3D72B004ED4DC /* M.json */; };
		B2BDB9F21EF3D72C004ED4DC /* N.json in Resources */ = {isa = PBXBuildFile; fileRef = B2BDB9C81EF3D72B004ED4DC /* N.json */; };
		B2BDB9F31EF3D72C004ED4DC /* O.json in Resources */ = {isa = PBXBuildFile; fileRef = B2BDB9C91EF3D72B004ED4DC /* O.json */; };
		B2BDB9F41EF3D72C004ED4DC /* P.json in Resources */ = {isa = PBXBuildFile; fileRef = B2BDB9CA1EF3D72B004ED4DC /* P.json */; };
		B2BDB9F51EF3D72C004ED4DC /* Q.json in Resources */ = {isa = PBXBuildFile; fileRef = B2BDB9CB1EF3D72B004ED4DC /* Q.json */; };
		B2BDB9F61EF3D72C004ED4DC /* R.json in Resources */ = {isa = PBXBuildFile; fileRef = B2BDB9CC1EF3D72B004ED4DC /* R.json */; };
		B2BDB9F71EF3D72C004ED4DC /* S.json in Resources */ = {isa = PBXBuildFile; fileRef = B2BDB9CD1EF3D72B004ED4DC /* S.json */; };
		B2BDB9F81EF3D72C004ED4DC /* T.json in Resources */ = {isa = PBXBuildFile; fileRef = B2BDB9CE1EF3D72B004ED4DC /* T.json */; };
		B2BDB9F91EF3D72C004ED4DC /* U.json in Resources */ = {isa = PBXBuildFile; fileRef = B2BDB9CF1EF3D72B004ED4DC /* U.json */; };
		B2BDB9FA1EF3D72C004ED4DC /* V.json in Resources */ = {isa = PBXBuildFile; fileRef = B2BDB9D01EF3D72B004ED4DC /* V.json */; };
		B2BDB9FB1EF3D72C004ED4DC /* W.json in Resources */ = {isa = PBXBuildFile; fileRef = B2BDB9D11EF3D72C004ED4DC /* W.json */; };
		B2BDB9FC1EF3D72C004ED4DC /* X.json in Resources */ = {isa = PBXBuildFile; fileRef = B2BDB9D21EF3D72C004ED4DC /* X.json */; };
		B2BDB9FD1EF3D72C004ED4DC /* Y.json in Resources */ = {isa = PBXBuildFile; fileRef = B2BDB9D31EF3D72C004ED4DC /* Y.json */; };
		B2BDB9FE1EF3D72C004ED4DC /* Z.json in Resources */ = {isa = PBXBuildFile; fileRef = B2BDB9D41EF3D72C004ED4DC /* Z.json */; };
		B2BDB9FF1EF3D72C004ED4DC /* vcTransition1.json in Resources */ = {isa = PBXBuildFile; fileRef = B2BDB9D51EF3D72C004ED4DC /* vcTransition1.json */; };
		B2BDBA001EF3D72C004ED4DC /* vcTransition2.json in Resources */ = {isa = PBXBuildFile; fileRef = B2BDB9D61EF3D72C004ED4DC /* vcTransition2.json */; };
		B2BDBA011EF3D72C004ED4DC /* Watermelon.json in Resources */ = {isa = PBXBuildFile; fileRef = B2BDB9D71EF3D72C004ED4DC /* Watermelon.json */; };
		B2BDBA051EF8FE66004ED4DC /* BeiWangLu.m in Sources */ = {isa = PBXBuildFile; fileRef = B2BDBA041EF8FE66004ED4DC /* BeiWangLu.m */; };
		B2DDCDE31EEA8BE700EA0660 /* UserStatus.m in Sources */ = {isa = PBXBuildFile; fileRef = B2DDCDE21EEA8BE700EA0660 /* UserStatus.m */; };
/* End PBXBuildFile section */

/* Begin PBXContainerItemProxy section */
		B226BBB61EEA6FC5005458AF /* PBXContainerItemProxy */ = {
			isa = PBXContainerItemProxy;
			containerPortal = B226BB941EEA6FC5005458AF /* Project object */;
			proxyType = 1;
			remoteGlobalIDString = B226BB9B1EEA6FC5005458AF;
			remoteInfo = PodTest;
		};
		B226BBC11EEA6FC5005458AF /* PBXContainerItemProxy */ = {
			isa = PBXContainerItemProxy;
			containerPortal = B226BB941EEA6FC5005458AF /* Project object */;
			proxyType = 1;
			remoteGlobalIDString = B226BB9B1EEA6FC5005458AF;
			remoteInfo = PodTest;
		};
		B2BDB98A1EF0D300004ED4DC /* PBXContainerItemProxy */ = {
			isa = PBXContainerItemProxy;
			containerPortal = B226BB941EEA6FC5005458AF /* Project object */;
			proxyType = 1;
			remoteGlobalIDString = B2BDB97E1EF0D2FF004ED4DC;
			remoteInfo = TodayExten;
		};
/* End PBXContainerItemProxy section */

/* Begin PBXCopyFilesBuildPhase section */
		B2BDB9901EF0D300004ED4DC /* Embed App Extensions */ = {
			isa = PBXCopyFilesBuildPhase;
			buildActionMask = 2147483647;
			dstPath = "";
			dstSubfolderSpec = 13;
			files = (
				B2BDB98C1EF0D300004ED4DC /* TodayExten.appex in Embed App Extensions */,
			);
			name = "Embed App Extensions";
			runOnlyForDeploymentPostprocessing = 0;
		};
/* End PBXCopyFilesBuildPhase section */

/* Begin PBXFileReference section */
		4A25C45176D224997AC04A8B /* libPods-PodTest.a */ = {isa = PBXFileReference; explicitFileType = archive.ar; includeInIndex = 0; path = "libPods-PodTest.a"; sourceTree = BUILT_PRODUCTS_DIR; };
		B226BB9C1EEA6FC5005458AF /* PodTest.app */ = {isa = PBXFileReference; explicitFileType = wrapper.application; includeInIndex = 0; path = PodTest.app; sourceTree = BUILT_PRODUCTS_DIR; };
		B226BBA01EEA6FC5005458AF /* main.m */ = {isa = PBXFileReference; lastKnownFileType = sourcecode.c.objc; path = main.m; sourceTree = "<group>"; };
		B226BBA21EEA6FC5005458AF /* AppDelegate.h */ = {isa = PBXFileReference; lastKnownFileType = sourcecode.c.h; path = AppDelegate.h; sourceTree = "<group>"; };
		B226BBA31EEA6FC5005458AF /* AppDelegate.m */ = {isa = PBXFileReference; lastKnownFileType = sourcecode.c.objc; path = AppDelegate.m; sourceTree = "<group>"; };
		B226BBA51EEA6FC5005458AF /* ViewController.h */ = {isa = PBXFileReference; lastKnownFileType = sourcecode.c.h; path = ViewController.h; sourceTree = "<group>"; };
		B226BBA61EEA6FC5005458AF /* ViewController.m */ = {isa = PBXFileReference; lastKnownFileType = sourcecode.c.objc; path = ViewController.m; sourceTree = "<group>"; };
		B226BBA91EEA6FC5005458AF /* Base */ = {isa = PBXFileReference; lastKnownFileType = file.storyboard; name = Base; path = Base.lproj/Main.storyboard; sourceTree = "<group>"; };
		B226BBAB1EEA6FC5005458AF /* Assets.xcassets */ = {isa = PBXFileReference; lastKnownFileType = folder.assetcatalog; path = Assets.xcassets; sourceTree = "<group>"; };
		B226BBAE1EEA6FC5005458AF /* Base */ = {isa = PBXFileReference; lastKnownFileType = file.storyboard; name = Base; path = Base.lproj/LaunchScreen.storyboard; sourceTree = "<group>"; };
		B226BBB01EEA6FC5005458AF /* Info.plist */ = {isa = PBXFileReference; lastKnownFileType = text.plist.xml; path = Info.plist; sourceTree = "<group>"; };
		B226BBB51EEA6FC5005458AF /* PodTestTests.xctest */ = {isa = PBXFileReference; explicitFileType = wrapper.cfbundle; includeInIndex = 0; path = PodTestTests.xctest; sourceTree = BUILT_PRODUCTS_DIR; };
		B226BBB91EEA6FC5005458AF /* PodTestTests.m */ = {isa = PBXFileReference; lastKnownFileType = sourcecode.c.objc; path = PodTestTests.m; sourceTree = "<group>"; };
		B226BBBB1EEA6FC5005458AF /* Info.plist */ = {isa = PBXFileReference; lastKnownFileType = text.plist.xml; path = Info.plist; sourceTree = "<group>"; };
		B226BBC01EEA6FC5005458AF /* PodTestUITests.xctest */ = {isa = PBXFileReference; explicitFileType = wrapper.cfbundle; includeInIndex = 0; path = PodTestUITests.xctest; sourceTree = BUILT_PRODUCTS_DIR; };
		B226BBC41EEA6FC5005458AF /* PodTestUITests.m */ = {isa = PBXFileReference; lastKnownFileType = sourcecode.c.objc; path = PodTestUITests.m; sourceTree = "<group>"; };
		B226BBC61EEA6FC5005458AF /* Info.plist */ = {isa = PBXFileReference; lastKnownFileType = text.plist.xml; path = Info.plist; sourceTree = "<group>"; };
		B2BDB97F1EF0D2FF004ED4DC /* TodayExten.appex */ = {isa = PBXFileReference; explicitFileType = "wrapper.app-extension"; includeInIndex = 0; path = TodayExten.appex; sourceTree = BUILT_PRODUCTS_DIR; };
		B2BDB9801EF0D2FF004ED4DC /* NotificationCenter.framework */ = {isa = PBXFileReference; lastKnownFileType = wrapper.framework; name = NotificationCenter.framework; path = System/Library/Frameworks/NotificationCenter.framework; sourceTree = SDKROOT; };
		B2BDB9831EF0D300004ED4DC /* TodayViewController.h */ = {isa = PBXFileReference; lastKnownFileType = sourcecode.c.h; path = TodayViewController.h; sourceTree = "<group>"; };
		B2BDB9841EF0D300004ED4DC /* TodayViewController.m */ = {isa = PBXFileReference; lastKnownFileType = sourcecode.c.objc; path = TodayViewController.m; sourceTree = "<group>"; };
		B2BDB9871EF0D300004ED4DC /* Base */ = {isa = PBXFileReference; lastKnownFileType = file.storyboard; name = Base; path = Base.lproj/MainInterface.storyboard; sourceTree = "<group>"; };
		B2BDB9891EF0D300004ED4DC /* Info.plist */ = {isa = PBXFileReference; lastKnownFileType = text.plist.xml; path = Info.plist; sourceTree = "<group>"; };
		B2BDB99E1EF2691B004ED4DC /* UIImage+ImageAtPointPix.h */ = {isa = PBXFileReference; fileEncoding = 4; lastKnownFileType = sourcecode.c.h; path = "UIImage+ImageAtPointPix.h"; sourceTree = "<group>"; };
		B2BDB99F1EF2691B004ED4DC /* UIImage+ImageAtPointPix.m */ = {isa = PBXFileReference; fileEncoding = 4; lastKnownFileType = sourcecode.c.objc; path = "UIImage+ImageAtPointPix.m"; sourceTree = "<group>"; };
		B2BDB9A11EF26C03004ED4DC /* ModleController.h */ = {isa = PBXFileReference; fileEncoding = 4; lastKnownFileType = sourcecode.c.h; path = ModleController.h; sourceTree = "<group>"; };
		B2BDB9A21EF26C03004ED4DC /* ModleController.m */ = {isa = PBXFileReference; fileEncoding = 4; lastKnownFileType = sourcecode.c.objc; path = ModleController.m; sourceTree = "<group>"; };
		B2BDB9A41EF28CA1004ED4DC /* UIViewController+PushPresent.h */ = {isa = PBXFileReference; fileEncoding = 4; lastKnownFileType = sourcecode.c.h; path = "UIViewController+PushPresent.h"; sourceTree = "<group>"; };
		B2BDB9A51EF28CA1004ED4DC /* UIViewController+PushPresent.m */ = {isa = PBXFileReference; fileEncoding = 4; lastKnownFileType = sourcecode.c.objc; path = "UIViewController+PushPresent.m"; sourceTree = "<group>"; };
		B2BDB9AD1EF3D72B004ED4DC /* 9squares-AlBoardman.json */ = {isa = PBXFileReference; fileEncoding = 4; lastKnownFileType = text.json; path = "9squares-AlBoardman.json"; sourceTree = "<group>"; };
		B2BDB9AE1EF3D72B004ED4DC /* HamburgerArrow.json */ = {isa = PBXFileReference; fileEncoding = 4; lastKnownFileType = text.json; path = HamburgerArrow.json; sourceTree = "<group>"; };
		B2BDB9AF1EF3D72B004ED4DC /* IconTransitions.json */ = {isa = PBXFileReference; fileEncoding = 4; lastKnownFileType = text.json; path = IconTransitions.json; sourceTree = "<group>"; };
		B2BDB9B01EF3D72B004ED4DC /* LottieLogo1_masked.json */ = {isa = PBXFileReference; fileEncoding = 4; lastKnownFileType = text.json; path = LottieLogo1_masked.json; sourceTree = "<group>"; };
		B2BDB9B11EF3D72B004ED4DC /* LottieLogo1.json */ = {isa = PBXFileReference; fileEncoding = 4; lastKnownFileType = text.json; path = LottieLogo1.json; sourceTree = "<group>"; };
		B2BDB9B21EF3D72B004ED4DC /* LottieLogo2.json */ = {isa = PBXFileReference; fileEncoding = 4; lastKnownFileType = text.json; path = LottieLogo2.json; sourceTree = "<group>"; };
		B2BDB9B31EF3D72B004ED4DC /* MotionCorpse-Jrcanest.json */ = {isa = PBXFileReference; fileEncoding = 4; lastKnownFileType = text.json; path = "MotionCorpse-Jrcanest.json"; sourceTree = "<group>"; };
		B2BDB9B41EF3D72B004ED4DC /* PinJump.json */ = {isa = PBXFileReference; fileEncoding = 4; lastKnownFileType = text.json; path = PinJump.json; sourceTree = "<group>"; };
		B2BDB9B51EF3D72B004ED4DC /* TwitterHeart.json */ = {isa = PBXFileReference; fileEncoding = 4; lastKnownFileType = text.json; path = TwitterHeart.json; sourceTree = "<group>"; };
		B2BDB9B71EF3D72B004ED4DC /* A.json */ = {isa = PBXFileReference; fileEncoding = 4; lastKnownFileType = text.json; path = A.json; sourceTree = "<group>"; };
		B2BDB9B81EF3D72B004ED4DC /* Apostrophe.json */ = {isa = PBXFileReference; fileEncoding = 4; lastKnownFileType = text.json; path = Apostrophe.json; sourceTree = "<group>"; };
		B2BDB9B91EF3D72B004ED4DC /* B.json */ = {isa = PBXFileReference; fileEncoding = 4; lastKnownFileType = text.json; path = B.json; sourceTree = "<group>"; };
		B2BDB9BA1EF3D72B004ED4DC /* BlinkingCursor.json */ = {isa = PBXFileReference; fileEncoding = 4; lastKnownFileType = text.json; path = BlinkingCursor.json; sourceTree = "<group>"; };
		B2BDB9BB1EF3D72B004ED4DC /* C.json */ = {isa = PBXFileReference; fileEncoding = 4; lastKnownFileType = text.json; path = C.json; sourceTree = "<group>"; };
		B2BDB9BC1EF3D72B004ED4DC /* Colon.json */ = {isa = PBXFileReference; fileEncoding = 4; lastKnownFileType = text.json; path = Colon.json; sourceTree = "<group>"; };
		B2BDB9BD1EF3D72B004ED4DC /* Comma.json */ = {isa = PBXFileReference; fileEncoding = 4; lastKnownFileType = text.json; path = Comma.json; sourceTree = "<group>"; };
		B2BDB9BE1EF3D72B004ED4DC /* D.json */ = {isa = PBXFileReference; fileEncoding = 4; lastKnownFileType = text.json; path = D.json; sourceTree = "<group>"; };
		B2BDB9BF1EF3D72B004ED4DC /* E.json */ = {isa = PBXFileReference; fileEncoding = 4; lastKnownFileType = text.json; path = E.json; sourceTree = "<group>"; };
		B2BDB9C01EF3D72B004ED4DC /* F.json */ = {isa = PBXFileReference; fileEncoding = 4; lastKnownFileType = text.json; path = F.json; sourceTree = "<group>"; };
		B2BDB9C11EF3D72B004ED4DC /* G.json */ = {isa = PBXFileReference; fileEncoding = 4; lastKnownFileType = text.json; path = G.json; sourceTree = "<group>"; };
		B2BDB9C21EF3D72B004ED4DC /* H.json */ = {isa = PBXFileReference; fileEncoding = 4; lastKnownFileType = text.json; path = H.json; sourceTree = "<group>"; };
		B2BDB9C31EF3D72B004ED4DC /* I.json */ = {isa = PBXFileReference; fileEncoding = 4; lastKnownFileType = text.json; path = I.json; sourceTree = "<group>"; };
		B2BDB9C41EF3D72B004ED4DC /* J.json */ = {isa = PBXFileReference; fileEncoding = 4; lastKnownFileType = text.json; path = J.json; sourceTree = "<group>"; };
		B2BDB9C51EF3D72B004ED4DC /* K.json */ = {isa = PBXFileReference; fileEncoding = 4; lastKnownFileType = text.json; path = K.json; sourceTree = "<group>"; };
		B2BDB9C61EF3D72B004ED4DC /* L.json */ = {isa = PBXFileReference; fileEncoding = 4; lastKnownFileType = text.json; path = L.json; sourceTree = "<group>"; };
		B2BDB9C71EF3D72B004ED4DC /* M.json */ = {isa = PBXFileReference; fileEncoding = 4; lastKnownFileType = text.json; path = M.json; sourceTree = "<group>"; };
		B2BDB9C81EF3D72B004ED4DC /* N.json */ = {isa = PBXFileReference; fileEncoding = 4; lastKnownFileType = text.json; path = N.json; sourceTree = "<group>"; };
		B2BDB9C91EF3D72B004ED4DC /* O.json */ = {isa = PBXFileReference; fileEncoding = 4; lastKnownFileType = text.json; path = O.json; sourceTree = "<group>"; };
		B2BDB9CA1EF3D72B004ED4DC /* P.json */ = {isa = PBXFileReference; fileEncoding = 4; lastKnownFileType = text.json; path = P.json; sourceTree = "<group>"; };
		B2BDB9CB1EF3D72B004ED4DC /* Q.json */ = {isa = PBXFileReference; fileEncoding = 4; lastKnownFileType = text.json; path = Q.json; sourceTree = "<group>"; };
		B2BDB9CC1EF3D72B004ED4DC /* R.json */ = {isa = PBXFileReference; fileEncoding = 4; lastKnownFileType = text.json; path = R.json; sourceTree = "<group>"; };
		B2BDB9CD1EF3D72B004ED4DC /* S.json */ = {isa = PBXFileReference; fileEncoding = 4; lastKnownFileType = text.json; path = S.json; sourceTree = "<group>"; };
		B2BDB9CE1EF3D72B004ED4DC /* T.json */ = {isa = PBXFileReference; fileEncoding = 4; lastKnownFileType = text.json; path = T.json; sourceTree = "<group>"; };
		B2BDB9CF1EF3D72B004ED4DC /* U.json */ = {isa = PBXFileReference; fileEncoding = 4; lastKnownFileType = text.json; path = U.json; sourceTree = "<group>"; };
		B2BDB9D01EF3D72B004ED4DC /* V.json */ = {isa = PBXFileReference; fileEncoding = 4; lastKnownFileType = text.json; path = V.json; sourceTree = "<group>"; };
		B2BDB9D11EF3D72C004ED4DC /* W.json */ = {isa = PBXFileReference; fileEncoding = 4; lastKnownFileType = text.json; path = W.json; sourceTree = "<group>"; };
		B2BDB9D21EF3D72C004ED4DC /* X.json */ = {isa = PBXFileReference; fileEncoding = 4; lastKnownFileType = text.json; path = X.json; sourceTree = "<group>"; };
		B2BDB9D31EF3D72C004ED4DC /* Y.json */ = {isa = PBXFileReference; fileEncoding = 4; lastKnownFileType = text.json; path = Y.json; sourceTree = "<group>"; };
		B2BDB9D41EF3D72C004ED4DC /* Z.json */ = {isa = PBXFileReference; fileEncoding = 4; lastKnownFileType = text.json; path = Z.json; sourceTree = "<group>"; };
		B2BDB9D51EF3D72C004ED4DC /* vcTransition1.json */ = {isa = PBXFileReference; fileEncoding = 4; lastKnownFileType = text.json; path = vcTransition1.json; sourceTree = "<group>"; };
		B2BDB9D61EF3D72C004ED4DC /* vcTransition2.json */ = {isa = PBXFileReference; fileEncoding = 4; lastKnownFileType = text.json; path = vcTransition2.json; sourceTree = "<group>"; };
		B2BDB9D71EF3D72C004ED4DC /* Watermelon.json */ = {isa = PBXFileReference; fileEncoding = 4; lastKnownFileType = text.json; path = Watermelon.json; sourceTree = "<group>"; };
		B2BDBA031EF8FE66004ED4DC /* BeiWangLu.h */ = {isa = PBXFileReference; fileEncoding = 4; lastKnownFileType = sourcecode.c.h; path = BeiWangLu.h; sourceTree = "<group>"; };
		B2BDBA041EF8FE66004ED4DC /* BeiWangLu.m */ = {isa = PBXFileReference; fileEncoding = 4; lastKnownFileType = sourcecode.c.objc; path = BeiWangLu.m; sourceTree = "<group>"; };
		B2DDCDE11EEA8BE700EA0660 /* UserStatus.h */ = {isa = PBXFileReference; fileEncoding = 4; lastKnownFileType = sourcecode.c.h; path = UserStatus.h; sourceTree = "<group>"; };
		B2DDCDE21EEA8BE700EA0660 /* UserStatus.m */ = {isa = PBXFileReference; fileEncoding = 4; lastKnownFileType = sourcecode.c.objc; path = UserStatus.m; sourceTree = "<group>"; };
		C135A584A94566A9BFF87923 /* Pods-PodTest.release.xcconfig */ = {isa = PBXFileReference; includeInIndex = 1; lastKnownFileType = text.xcconfig; name = "Pods-PodTest.release.xcconfig"; path = "Pods/Target Support Files/Pods-PodTest/Pods-PodTest.release.xcconfig"; sourceTree = "<group>"; };
		E9217B15E3FA586EC085B207 /* Pods-PodTest.debug.xcconfig */ = {isa = PBXFileReference; includeInIndex = 1; lastKnownFileType = text.xcconfig; name = "Pods-PodTest.debug.xcconfig"; path = "Pods/Target Support Files/Pods-PodTest/Pods-PodTest.debug.xcconfig"; sourceTree = "<group>"; };
/* End PBXFileReference section */

/* Begin PBXFrameworksBuildPhase section */
		B226BB991EEA6FC5005458AF /* Frameworks */ = {
			isa = PBXFrameworksBuildPhase;
			buildActionMask = 2147483647;
			files = (
				831551AB7391C353282ECBC5 /* libPods-PodTest.a in Frameworks */,
			);
			runOnlyForDeploymentPostprocessing = 0;
		};
		B226BBB21EEA6FC5005458AF /* Frameworks */ = {
			isa = PBXFrameworksBuildPhase;
			buildActionMask = 2147483647;
			files = (
			);
			runOnlyForDeploymentPostprocessing = 0;
		};
		B226BBBD1EEA6FC5005458AF /* Frameworks */ = {
			isa = PBXFrameworksBuildPhase;
			buildActionMask = 2147483647;
			files = (
			);
			runOnlyForDeploymentPostprocessing = 0;
		};
		B2BDB97C1EF0D2FF004ED4DC /* Frameworks */ = {
			isa = PBXFrameworksBuildPhase;
			buildActionMask = 2147483647;
			files = (
				B2BDB9811EF0D300004ED4DC /* NotificationCenter.framework in Frameworks */,
			);
			runOnlyForDeploymentPostprocessing = 0;
		};
/* End PBXFrameworksBuildPhase section */

/* Begin PBXGroup section */
		0916E113CE22120A471BEBAF /* Frameworks */ = {
			isa = PBXGroup;
			children = (
				4A25C45176D224997AC04A8B /* libPods-PodTest.a */,
				B2BDB9801EF0D2FF004ED4DC /* NotificationCenter.framework */,
			);
			name = Frameworks;
			sourceTree = "<group>";
		};
		3EC3A6E0CF99A1E45BA2340B /* Pods */ = {
			isa = PBXGroup;
			children = (
				E9217B15E3FA586EC085B207 /* Pods-PodTest.debug.xcconfig */,
				C135A584A94566A9BFF87923 /* Pods-PodTest.release.xcconfig */,
			);
			name = Pods;
			sourceTree = "<group>";
		};
		B226BB931EEA6FC5005458AF = {
			isa = PBXGroup;
			children = (
				B2BDBA021EF8FE3D004ED4DC /* BeiWangLu */,
				B2BDB9AC1EF3D712004ED4DC /* Resources */,
				B2BDB9AB1EF3C90A004ED4DC /* Test */,
				B226BB9E1EEA6FC5005458AF /* PodTest */,
				B226BBB81EEA6FC5005458AF /* PodTestTests */,
				B226BBC31EEA6FC5005458AF /* PodTestUITests */,
				B2BDB9821EF0D300004ED4DC /* TodayExten */,
				B226BB9D1EEA6FC5005458AF /* Products */,
				3EC3A6E0CF99A1E45BA2340B /* Pods */,
				0916E113CE22120A471BEBAF /* Frameworks */,
			);
			sourceTree = "<group>";
		};
		B226BB9D1EEA6FC5005458AF /* Products */ = {
			isa = PBXGroup;
			children = (
				B226BB9C1EEA6FC5005458AF /* PodTest.app */,
				B226BBB51EEA6FC5005458AF /* PodTestTests.xctest */,
				B226BBC01EEA6FC5005458AF /* PodTestUITests.xctest */,
				B2BDB97F1EF0D2FF004ED4DC /* TodayExten.appex */,
			);
			name = Products;
			sourceTree = "<group>";
		};
		B226BB9E1EEA6FC5005458AF /* PodTest */ = {
			isa = PBXGroup;
			children = (
				B2DDCDE01EEA8BCB00EA0660 /* Modle */,
				B226BBD21EEA7380005458AF /* sups */,
				B226BBA21EEA6FC5005458AF /* AppDelegate.h */,
				B226BBA31EEA6FC5005458AF /* AppDelegate.m */,
				B226BBA51EEA6FC5005458AF /* ViewController.h */,
				B226BBA61EEA6FC5005458AF /* ViewController.m */,
				B226BB9F1EEA6FC5005458AF /* Supporting Files */,
			);
			path = PodTest;
			sourceTree = "<group>";
		};
		B226BB9F1EEA6FC5005458AF /* Supporting Files */ = {
			isa = PBXGroup;
			children = (
				B226BBA01EEA6FC5005458AF /* main.m */,
			);
			name = "Supporting Files";
			sourceTree = "<group>";
		};
		B226BBB81EEA6FC5005458AF /* PodTestTests */ = {
			isa = PBXGroup;
			children = (
				B226BBB91EEA6FC5005458AF /* PodTestTests.m */,
				B226BBBB1EEA6FC5005458AF /* Info.plist */,
			);
			path = PodTestTests;
			sourceTree = "<group>";
		};
		B226BBC31EEA6FC5005458AF /* PodTestUITests */ = {
			isa = PBXGroup;
			children = (
				B226BBC41EEA6FC5005458AF /* PodTestUITests.m */,
				B226BBC61EEA6FC5005458AF /* Info.plist */,
			);
			path = PodTestUITests;
			sourceTree = "<group>";
		};
		B226BBD21EEA7380005458AF /* sups */ = {
			isa = PBXGroup;
			children = (
				B226BBB01EEA6FC5005458AF /* Info.plist */,
				B226BBAD1EEA6FC5005458AF /* LaunchScreen.storyboard */,
				B226BBAB1EEA6FC5005458AF /* Assets.xcassets */,
				B226BBA81EEA6FC5005458AF /* Main.storyboard */,
			);
			name = sups;
			sourceTree = "<group>";
		};
		B2BDB9821EF0D300004ED4DC /* TodayExten */ = {
			isa = PBXGroup;
			children = (
				B2BDB9831EF0D300004ED4DC /* TodayViewController.h */,
				B2BDB9841EF0D300004ED4DC /* TodayViewController.m */,
				B2BDB9861EF0D300004ED4DC /* MainInterface.storyboard */,
				B2BDB9891EF0D300004ED4DC /* Info.plist */,
			);
			path = TodayExten;
			sourceTree = "<group>";
		};
		B2BDB9AB1EF3C90A004ED4DC /* Test */ = {
			isa = PBXGroup;
			children = (
				B2BDB9A41EF28CA1004ED4DC /* UIViewController+PushPresent.h */,
				B2BDB9A51EF28CA1004ED4DC /* UIViewController+PushPresent.m */,
				B2BDB9A11EF26C03004ED4DC /* ModleController.h */,
				B2BDB9A21EF26C03004ED4DC /* ModleController.m */,
				B2BDB99E1EF2691B004ED4DC /* UIImage+ImageAtPointPix.h */,
				B2BDB99F1EF2691B004ED4DC /* UIImage+ImageAtPointPix.m */,
			);
			name = Test;
			sourceTree = "<group>";
		};
		B2BDB9AC1EF3D712004ED4DC /* Resources */ = {
			isa = PBXGroup;
			children = (
				B2BDB9AD1EF3D72B004ED4DC /* 9squares-AlBoardman.json */,
				B2BDB9AE1EF3D72B004ED4DC /* HamburgerArrow.json */,
				B2BDB9AF1EF3D72B004ED4DC /* IconTransitions.json */,
				B2BDB9B01EF3D72B004ED4DC /* LottieLogo1_masked.json */,
				B2BDB9B11EF3D72B004ED4DC /* LottieLogo1.json */,
				B2BDB9B21EF3D72B004ED4DC /* LottieLogo2.json */,
				B2BDB9B31EF3D72B004ED4DC /* MotionCorpse-Jrcanest.json */,
				B2BDB9B41EF3D72B004ED4DC /* PinJump.json */,
				B2BDB9B51EF3D72B004ED4DC /* TwitterHeart.json */,
				B2BDB9B61EF3D72B004ED4DC /* TypeFace */,
				B2BDB9D51EF3D72C004ED4DC /* vcTransition1.json */,
				B2BDB9D61EF3D72C004ED4DC /* vcTransition2.json */,
				B2BDB9D71EF3D72C004ED4DC /* Watermelon.json */,
			);
			name = Resources;
			sourceTree = "<group>";
		};
		B2BDB9B61EF3D72B004ED4DC /* TypeFace */ = {
			isa = PBXGroup;
			children = (
				B2BDB9B71EF3D72B004ED4DC /* A.json */,
				B2BDB9B81EF3D72B004ED4DC /* Apostrophe.json */,
				B2BDB9B91EF3D72B004ED4DC /* B.json */,
				B2BDB9BA1EF3D72B004ED4DC /* BlinkingCursor.json */,
				B2BDB9BB1EF3D72B004ED4DC /* C.json */,
				B2BDB9BC1EF3D72B004ED4DC /* Colon.json */,
				B2BDB9BD1EF3D72B004ED4DC /* Comma.json */,
				B2BDB9BE1EF3D72B004ED4DC /* D.json */,
				B2BDB9BF1EF3D72B004ED4DC /* E.json */,
				B2BDB9C01EF3D72B004ED4DC /* F.json */,
				B2BDB9C11EF3D72B004ED4DC /* G.json */,
				B2BDB9C21EF3D72B004ED4DC /* H.json */,
				B2BDB9C31EF3D72B004ED4DC /* I.json */,
				B2BDB9C41EF3D72B004ED4DC /* J.json */,
				B2BDB9C51EF3D72B004ED4DC /* K.json */,
				B2BDB9C61EF3D72B004ED4DC /* L.json */,
				B2BDB9C71EF3D72B004ED4DC /* M.json */,
				B2BDB9C81EF3D72B004ED4DC /* N.json */,
				B2BDB9C91EF3D72B004ED4DC /* O.json */,
				B2BDB9CA1EF3D72B004ED4DC /* P.json */,
				B2BDB9CB1EF3D72B004ED4DC /* Q.json */,
				B2BDB9CC1EF3D72B004ED4DC /* R.json */,
				B2BDB9CD1EF3D72B004ED4DC /* S.json */,
				B2BDB9CE1EF3D72B004ED4DC /* T.json */,
				B2BDB9CF1EF3D72B004ED4DC /* U.json */,
				B2BDB9D01EF3D72B004ED4DC /* V.json */,
				B2BDB9D11EF3D72C004ED4DC /* W.json */,
				B2BDB9D21EF3D72C004ED4DC /* X.json */,
				B2BDB9D31EF3D72C004ED4DC /* Y.json */,
				B2BDB9D41EF3D72C004ED4DC /* Z.json */,
			);
			path = TypeFace;
			sourceTree = "<group>";
		};
		B2BDBA021EF8FE3D004ED4DC /* BeiWangLu */ = {
			isa = PBXGroup;
			children = (
				B2BDBA031EF8FE66004ED4DC /* BeiWangLu.h */,
				B2BDBA041EF8FE66004ED4DC /* BeiWangLu.m */,
			);
			name = BeiWangLu;
			sourceTree = "<group>";
		};
		B2DDCDE01EEA8BCB00EA0660 /* Modle */ = {
			isa = PBXGroup;
			children = (
				B2DDCDE11EEA8BE700EA0660 /* UserStatus.h */,
				B2DDCDE21EEA8BE700EA0660 /* UserStatus.m */,
			);
			path = Modle;
			sourceTree = "<group>";
		};
/* End PBXGroup section */

/* Begin PBXNativeTarget section */
		B226BB9B1EEA6FC5005458AF /* PodTest */ = {
			isa = PBXNativeTarget;
			buildConfigurationList = B226BBC91EEA6FC5005458AF /* Build configuration list for PBXNativeTarget "PodTest" */;
			buildPhases = (
				2C8A787423C74AFFE83A2C97 /* [CP] Check Pods Manifest.lock */,
				B226BB981EEA6FC5005458AF /* Sources */,
				B226BB991EEA6FC5005458AF /* Frameworks */,
				B226BB9A1EEA6FC5005458AF /* Resources */,
				D975D60190CCEDBAB037DE45 /* [CP] Embed Pods Frameworks */,
				11C901575020A1E43E25E23A /* [CP] Copy Pods Resources */,
				B2BDB9901EF0D300004ED4DC /* Embed App Extensions */,
			);
			buildRules = (
			);
			dependencies = (
				B2BDB98B1EF0D300004ED4DC /* PBXTargetDependency */,
			);
			name = PodTest;
			productName = PodTest;
			productReference = B226BB9C1EEA6FC5005458AF /* PodTest.app */;
			productType = "com.apple.product-type.application";
		};
		B226BBB41EEA6FC5005458AF /* PodTestTests */ = {
			isa = PBXNativeTarget;
			buildConfigurationList = B226BBCC1EEA6FC5005458AF /* Build configuration list for PBXNativeTarget "PodTestTests" */;
			buildPhases = (
				B226BBB11EEA6FC5005458AF /* Sources */,
				B226BBB21EEA6FC5005458AF /* Frameworks */,
				B226BBB31EEA6FC5005458AF /* Resources */,
			);
			buildRules = (
			);
			dependencies = (
				B226BBB71EEA6FC5005458AF /* PBXTargetDependency */,
			);
			name = PodTestTests;
			productName = PodTestTests;
			productReference = B226BBB51EEA6FC5005458AF /* PodTestTests.xctest */;
			productType = "com.apple.product-type.bundle.unit-test";
		};
		B226BBBF1EEA6FC5005458AF /* PodTestUITests */ = {
			isa = PBXNativeTarget;
			buildConfigurationList = B226BBCF1EEA6FC5005458AF /* Build configuration list for PBXNativeTarget "PodTestUITests" */;
			buildPhases = (
				B226BBBC1EEA6FC5005458AF /* Sources */,
				B226BBBD1EEA6FC5005458AF /* Frameworks */,
				B226BBBE1EEA6FC5005458AF /* Resources */,
			);
			buildRules = (
			);
			dependencies = (
				B226BBC21EEA6FC5005458AF /* PBXTargetDependency */,
			);
			name = PodTestUITests;
			productName = PodTestUITests;
			productReference = B226BBC01EEA6FC5005458AF /* PodTestUITests.xctest */;
			productType = "com.apple.product-type.bundle.ui-testing";
		};
		B2BDB97E1EF0D2FF004ED4DC /* TodayExten */ = {
			isa = PBXNativeTarget;
			buildConfigurationList = B2BDB98F1EF0D300004ED4DC /* Build configuration list for PBXNativeTarget "TodayExten" */;
			buildPhases = (
				B2BDB97B1EF0D2FF004ED4DC /* Sources */,
				B2BDB97C1EF0D2FF004ED4DC /* Frameworks */,
				B2BDB97D1EF0D2FF004ED4DC /* Resources */,
			);
			buildRules = (
			);
			dependencies = (
			);
			name = TodayExten;
			productName = TodayExten;
			productReference = B2BDB97F1EF0D2FF004ED4DC /* TodayExten.appex */;
			productType = "com.apple.product-type.app-extension";
		};
/* End PBXNativeTarget section */

/* Begin PBXProject section */
		B226BB941EEA6FC5005458AF /* Project object */ = {
			isa = PBXProject;
			attributes = {
				LastUpgradeCheck = 0820;
				ORGANIZATIONNAME = TN;
				TargetAttributes = {
					B226BB9B1EEA6FC5005458AF = {
						CreatedOnToolsVersion = 8.2.1;
						DevelopmentTeam = PV4KNU453N;
						ProvisioningStyle = Automatic;
					};
					B226BBB41EEA6FC5005458AF = {
						CreatedOnToolsVersion = 8.2.1;
						DevelopmentTeam = H9KF4VE576;
						ProvisioningStyle = Automatic;
						TestTargetID = B226BB9B1EEA6FC5005458AF;
					};
					B226BBBF1EEA6FC5005458AF = {
						CreatedOnToolsVersion = 8.2.1;
						DevelopmentTeam = H9KF4VE576;
						ProvisioningStyle = Automatic;
						TestTargetID = B226BB9B1EEA6FC5005458AF;
					};
					B2BDB97E1EF0D2FF004ED4DC = {
						CreatedOnToolsVersion = 8.2.1;
						DevelopmentTeam = PV4KNU453N;
						ProvisioningStyle = Automatic;
					};
				};
			};
			buildConfigurationList = B226BB971EEA6FC5005458AF /* Build configuration list for PBXProject "PodTest" */;
			compatibilityVersion = "Xcode 3.2";
			developmentRegion = English;
			hasScannedForEncodings = 0;
			knownRegions = (
				en,
				Base,
			);
			mainGroup = B226BB931EEA6FC5005458AF;
			productRefGroup = B226BB9D1EEA6FC5005458AF /* Products */;
			projectDirPath = "";
			projectRoot = "";
			targets = (
				B226BB9B1EEA6FC5005458AF /* PodTest */,
				B226BBB41EEA6FC5005458AF /* PodTestTests */,
				B226BBBF1EEA6FC5005458AF /* PodTestUITests */,
				B2BDB97E1EF0D2FF004ED4DC /* TodayExten */,
			);
		};
/* End PBXProject section */

/* Begin PBXResourcesBuildPhase section */
		B226BB9A1EEA6FC5005458AF /* Resources */ = {
			isa = PBXResourcesBuildPhase;
			buildActionMask = 2147483647;
			files = (
				B2BDB9FB1EF3D72C004ED4DC /* W.json in Resources */,
				B2BDB9F21EF3D72C004ED4DC /* N.json in Resources */,
				B2BDB9EE1EF3D72C004ED4DC /* J.json in Resources */,
				B2BDB9F61EF3D72C004ED4DC /* R.json in Resources */,
				B2BDB9E31EF3D72C004ED4DC /* B.json in Resources */,
				B2BDB9FA1EF3D72C004ED4DC /* V.json in Resources */,
				B2BDB9FE1EF3D72C004ED4DC /* Z.json in Resources */,
				B2BDB9E11EF3D72C004ED4DC /* A.json in Resources */,
				B2BDBA001EF3D72C004ED4DC /* vcTransition2.json in Resources */,
				B2BDB9E71EF3D72C004ED4DC /* Comma.json in Resources */,
				B2BDB9E01EF3D72C004ED4DC /* TwitterHeart.json in Resources */,
				B2BDB9FD1EF3D72C004ED4DC /* Y.json in Resources */,
				B226BBAF1EEA6FC5005458AF /* LaunchScreen.storyboard in Resources */,
				B2BDB9F01EF3D72C004ED4DC /* L.json in Resources */,
				B2BDB9ED1EF3D72C004ED4DC /* I.json in Resources */,
				B2BDB9DF1EF3D72C004ED4DC /* PinJump.json in Resources */,
				B2BDB9EC1EF3D72C004ED4DC /* H.json in Resources */,
				B2BDB9E91EF3D72C004ED4DC /* E.json in Resources */,
				B2BDB9DE1EF3D72C004ED4DC /* MotionCorpse-Jrcanest.json in Resources */,
				B2BDB9D91EF3D72C004ED4DC /* HamburgerArrow.json in Resources */,
				B2BDB9EF1EF3D72C004ED4DC /* K.json in Resources */,
				B2BDB9E41EF3D72C004ED4DC /* BlinkingCursor.json in Resources */,
				B226BBAC1EEA6FC5005458AF /* Assets.xcassets in Resources */,
				B2BDB9E81EF3D72C004ED4DC /* D.json in Resources */,
				B2BDB9F31EF3D72C004ED4DC /* O.json in Resources */,
				B2BDB9F71EF3D72C004ED4DC /* S.json in Resources */,
				B2BDB9F11EF3D72C004ED4DC /* M.json in Resources */,
				B2BDB9DC1EF3D72C004ED4DC /* LottieLogo1.json in Resources */,
				B2BDB9DD1EF3D72C004ED4DC /* LottieLogo2.json in Resources */,
				B2BDB9DA1EF3D72C004ED4DC /* IconTransitions.json in Resources */,
				B2BDB9F91EF3D72C004ED4DC /* U.json in Resources */,
				B2BDB9DB1EF3D72C004ED4DC /* LottieLogo1_masked.json in Resources */,
				B2BDB9EA1EF3D72C004ED4DC /* F.json in Resources */,
				B2BDB9FC1EF3D72C004ED4DC /* X.json in Resources */,
				B226BBAA1EEA6FC5005458AF /* Main.storyboard in Resources */,
				B2BDB9FF1EF3D72C004ED4DC /* vcTransition1.json in Resources */,
				B2BDB9E51EF3D72C004ED4DC /* C.json in Resources */,
				B2BDB9F51EF3D72C004ED4DC /* Q.json in Resources */,
				B2BDB9F81EF3D72C004ED4DC /* T.json in Resources */,
				B2BDB9E21EF3D72C004ED4DC /* Apostrophe.json in Resources */,
				B2BDBA011EF3D72C004ED4DC /* Watermelon.json in Resources */,
				B2BDB9D81EF3D72C004ED4DC /* 9squares-AlBoardman.json in Resources */,
				B2BDB9EB1EF3D72C004ED4DC /* G.json in Resources */,
				B2BDB9F41EF3D72C004ED4DC /* P.json in Resources */,
				B2BDB9E61EF3D72C004ED4DC /* Colon.json in Resources */,
			);
			runOnlyForDeploymentPostprocessing = 0;
		};
		B226BBB31EEA6FC5005458AF /* Resources */ = {
			isa = PBXResourcesBuildPhase;
			buildActionMask = 2147483647;
			files = (
			);
			runOnlyForDeploymentPostprocessing = 0;
		};
		B226BBBE1EEA6FC5005458AF /* Resources */ = {
			isa = PBXResourcesBuildPhase;
			buildActionMask = 2147483647;
			files = (
			);
			runOnlyForDeploymentPostprocessing = 0;
		};
		B2BDB97D1EF0D2FF004ED4DC /* Resources */ = {
			isa = PBXResourcesBuildPhase;
			buildActionMask = 2147483647;
			files = (
				B2BDB9881EF0D300004ED4DC /* MainInterface.storyboard in Resources */,
			);
			runOnlyForDeploymentPostprocessing = 0;
		};
/* End PBXResourcesBuildPhase section */

/* Begin PBXShellScriptBuildPhase section */
		11C901575020A1E43E25E23A /* [CP] Copy Pods Resources */ = {
			isa = PBXShellScriptBuildPhase;
			buildActionMask = 2147483647;
			files = (
			);
			inputPaths = (
			);
			name = "[CP] Copy Pods Resources";
			outputPaths = (
			);
			runOnlyForDeploymentPostprocessing = 0;
			shellPath = /bin/sh;
			shellScript = "\"${SRCROOT}/Pods/Target Support Files/Pods-PodTest/Pods-PodTest-resources.sh\"\n";
			showEnvVarsInLog = 0;
		};
		2C8A787423C74AFFE83A2C97 /* [CP] Check Pods Manifest.lock */ = {
			isa = PBXShellScriptBuildPhase;
			buildActionMask = 2147483647;
			files = (
			);
			inputPaths = (
			);
			name = "[CP] Check Pods Manifest.lock";
			outputPaths = (
			);
			runOnlyForDeploymentPostprocessing = 0;
			shellPath = /bin/sh;
			shellScript = "diff \"${PODS_ROOT}/../Podfile.lock\" \"${PODS_ROOT}/Manifest.lock\" > /dev/null\nif [ $? != 0 ] ; then\n    # print error to STDERR\n    echo \"error: The sandbox is not in sync with the Podfile.lock. Run 'pod install' or update your CocoaPods installation.\" >&2\n    exit 1\nfi\n";
			showEnvVarsInLog = 0;
		};
		D975D60190CCEDBAB037DE45 /* [CP] Embed Pods Frameworks */ = {
			isa = PBXShellScriptBuildPhase;
			buildActionMask = 2147483647;
			files = (
			);
			inputPaths = (
			);
			name = "[CP] Embed Pods Frameworks";
			outputPaths = (
			);
			runOnlyForDeploymentPostprocessing = 0;
			shellPath = /bin/sh;
			shellScript = "\"${SRCROOT}/Pods/Target Support Files/Pods-PodTest/Pods-PodTest-frameworks.sh\"\n";
			showEnvVarsInLog = 0;
		};
/* End PBXShellScriptBuildPhase section */

/* Begin PBXSourcesBuildPhase section */
		B226BB981EEA6FC5005458AF /* Sources */ = {
			isa = PBXSourcesBuildPhase;
			buildActionMask = 2147483647;
			files = (
				B2BDB9A61EF28CA1004ED4DC /* UIViewController+PushPresent.m in Sources */,
				B226BBA71EEA6FC5005458AF /* ViewController.m in Sources */,
				B226BBA41EEA6FC5005458AF /* AppDelegate.m in Sources */,
				B2DDCDE31EEA8BE700EA0660 /* UserStatus.m in Sources */,
				B2BDBA051EF8FE66004ED4DC /* BeiWangLu.m in Sources */,
				B2BDB9A31EF26C03004ED4DC /* ModleController.m in Sources */,
				B226BBA11EEA6FC5005458AF /* main.m in Sources */,
				B2BDB9A01EF2691B004ED4DC /* UIImage+ImageAtPointPix.m in Sources */,
			);
			runOnlyForDeploymentPostprocessing = 0;
		};
		B226BBB11EEA6FC5005458AF /* Sources */ = {
			isa = PBXSourcesBuildPhase;
			buildActionMask = 2147483647;
			files = (
				B226BBBA1EEA6FC5005458AF /* PodTestTests.m in Sources */,
			);
			runOnlyForDeploymentPostprocessing = 0;
		};
		B226BBBC1EEA6FC5005458AF /* Sources */ = {
			isa = PBXSourcesBuildPhase;
			buildActionMask = 2147483647;
			files = (
				B226BBC51EEA6FC5005458AF /* PodTestUITests.m in Sources */,
			);
			runOnlyForDeploymentPostprocessing = 0;
		};
		B2BDB97B1EF0D2FF004ED4DC /* Sources */ = {
			isa = PBXSourcesBuildPhase;
			buildActionMask = 2147483647;
			files = (
				B2BDB9851EF0D300004ED4DC /* TodayViewController.m in Sources */,
			);
			runOnlyForDeploymentPostprocessing = 0;
		};
/* End PBXSourcesBuildPhase section */

/* Begin PBXTargetDependency section */
		B226BBB71EEA6FC5005458AF /* PBXTargetDependency */ = {
			isa = PBXTargetDependency;
			target = B226BB9B1EEA6FC5005458AF /* PodTest */;
			targetProxy = B226BBB61EEA6FC5005458AF /* PBXContainerItemProxy */;
		};
		B226BBC21EEA6FC5005458AF /* PBXTargetDependency */ = {
			isa = PBXTargetDependency;
			target = B226BB9B1EEA6FC5005458AF /* PodTest */;
			targetProxy = B226BBC11EEA6FC5005458AF /* PBXContainerItemProxy */;
		};
		B2BDB98B1EF0D300004ED4DC /* PBXTargetDependency */ = {
			isa = PBXTargetDependency;
			target = B2BDB97E1EF0D2FF004ED4DC /* TodayExten */;
			targetProxy = B2BDB98A1EF0D300004ED4DC /* PBXContainerItemProxy */;
		};
/* End PBXTargetDependency section */

/* Begin PBXVariantGroup section */
		B226BBA81EEA6FC5005458AF /* Main.storyboard */ = {
			isa = PBXVariantGroup;
			children = (
				B226BBA91EEA6FC5005458AF /* Base */,
			);
			name = Main.storyboard;
			sourceTree = "<group>";
		};
		B226BBAD1EEA6FC5005458AF /* LaunchScreen.storyboard */ = {
			isa = PBXVariantGroup;
			children = (
				B226BBAE1EEA6FC5005458AF /* Base */,
			);
			name = LaunchScreen.storyboard;
			sourceTree = "<group>";
		};
		B2BDB9861EF0D300004ED4DC /* MainInterface.storyboard */ = {
			isa = PBXVariantGroup;
			children = (
				B2BDB9871EF0D300004ED4DC /* Base */,
			);
			name = MainInterface.storyboard;
			sourceTree = "<group>";
		};
/* End PBXVariantGroup section */

/* Begin XCBuildConfiguration section */
		B226BBC71EEA6FC5005458AF /* Debug */ = {
			isa = XCBuildConfiguration;
			buildSettings = {
				ALWAYS_SEARCH_USER_PATHS = NO;
				CLANG_ANALYZER_NONNULL = YES;
				CLANG_CXX_LANGUAGE_STANDARD = "gnu++0x";
				CLANG_CXX_LIBRARY = "libc++";
				CLANG_ENABLE_MODULES = YES;
				CLANG_ENABLE_OBJC_ARC = YES;
				CLANG_WARN_BOOL_CONVERSION = YES;
				CLANG_WARN_CONSTANT_CONVERSION = YES;
				CLANG_WARN_DIRECT_OBJC_ISA_USAGE = YES_ERROR;
				CLANG_WARN_DOCUMENTATION_COMMENTS = YES;
				CLANG_WARN_EMPTY_BODY = YES;
				CLANG_WARN_ENUM_CONVERSION = YES;
				CLANG_WARN_INFINITE_RECURSION = YES;
				CLANG_WARN_INT_CONVERSION = YES;
				CLANG_WARN_OBJC_ROOT_CLASS = YES_ERROR;
				CLANG_WARN_SUSPICIOUS_MOVE = YES;
				CLANG_WARN_UNREACHABLE_CODE = YES;
				CLANG_WARN__DUPLICATE_METHOD_MATCH = YES;
				"CODE_SIGN_IDENTITY[sdk=iphoneos*]" = "iPhone Developer";
				COPY_PHASE_STRIP = NO;
				DEBUG_INFORMATION_FORMAT = dwarf;
				ENABLE_STRICT_OBJC_MSGSEND = YES;
				ENABLE_TESTABILITY = YES;
				GCC_C_LANGUAGE_STANDARD = gnu99;
				GCC_DYNAMIC_NO_PIC = NO;
				GCC_NO_COMMON_BLOCKS = YES;
				GCC_OPTIMIZATION_LEVEL = 0;
				GCC_PREPROCESSOR_DEFINITIONS = (
					"DEBUG=1",
					"$(inherited)",
				);
				GCC_WARN_64_TO_32_BIT_CONVERSION = YES;
				GCC_WARN_ABOUT_RETURN_TYPE = YES_ERROR;
				GCC_WARN_UNDECLARED_SELECTOR = YES;
				GCC_WARN_UNINITIALIZED_AUTOS = YES_AGGRESSIVE;
				GCC_WARN_UNUSED_FUNCTION = YES;
				GCC_WARN_UNUSED_VARIABLE = YES;
				IPHONEOS_DEPLOYMENT_TARGET = 10.2;
				MTL_ENABLE_DEBUG_INFO = YES;
				ONLY_ACTIVE_ARCH = YES;
				SDKROOT = iphoneos;
			};
			name = Debug;
		};
		B226BBC81EEA6FC5005458AF /* Release */ = {
			isa = XCBuildConfiguration;
			buildSettings = {
				ALWAYS_SEARCH_USER_PATHS = NO;
				CLANG_ANALYZER_NONNULL = YES;
				CLANG_CXX_LANGUAGE_STANDARD = "gnu++0x";
				CLANG_CXX_LIBRARY = "libc++";
				CLANG_ENABLE_MODULES = YES;
				CLANG_ENABLE_OBJC_ARC = YES;
				CLANG_WARN_BOOL_CONVERSION = YES;
				CLANG_WARN_CONSTANT_CONVERSION = YES;
				CLANG_WARN_DIRECT_OBJC_ISA_USAGE = YES_ERROR;
				CLANG_WARN_DOCUMENTATION_COMMENTS = YES;
				CLANG_WARN_EMPTY_BODY = YES;
				CLANG_WARN_ENUM_CONVERSION = YES;
				CLANG_WARN_INFINITE_RECURSION = YES;
				CLANG_WARN_INT_CONVERSION = YES;
				CLANG_WARN_OBJC_ROOT_CLASS = YES_ERROR;
				CLANG_WARN_SUSPICIOUS_MOVE = YES;
				CLANG_WARN_UNREACHABLE_CODE = YES;
				CLANG_WARN__DUPLICATE_METHOD_MATCH = YES;
				"CODE_SIGN_IDENTITY[sdk=iphoneos*]" = "iPhone Developer";
				COPY_PHASE_STRIP = NO;
				DEBUG_INFORMATION_FORMAT = "dwarf-with-dsym";
				ENABLE_NS_ASSERTIONS = NO;
				ENABLE_STRICT_OBJC_MSGSEND = YES;
				GCC_C_LANGUAGE_STANDARD = gnu99;
				GCC_NO_COMMON_BLOCKS = YES;
				GCC_WARN_64_TO_32_BIT_CONVERSION = YES;
				GCC_WARN_ABOUT_RETURN_TYPE = YES_ERROR;
				GCC_WARN_UNDECLARED_SELECTOR = YES;
				GCC_WARN_UNINITIALIZED_AUTOS = YES_AGGRESSIVE;
				GCC_WARN_UNUSED_FUNCTION = YES;
				GCC_WARN_UNUSED_VARIABLE = YES;
				IPHONEOS_DEPLOYMENT_TARGET = 10.2;
				MTL_ENABLE_DEBUG_INFO = NO;
				SDKROOT = iphoneos;
				VALIDATE_PRODUCT = YES;
			};
			name = Release;
		};
		B226BBCA1EEA6FC5005458AF /* Debug */ = {
			isa = XCBuildConfiguration;
			baseConfigurationReference = E9217B15E3FA586EC085B207 /* Pods-PodTest.debug.xcconfig */;
			buildSettings = {
				ASSETCATALOG_COMPILER_APPICON_NAME = AppIcon;
				DEVELOPMENT_TEAM = PV4KNU453N;
				INFOPLIST_FILE = PodTest/Info.plist;
				LD_RUNPATH_SEARCH_PATHS = "$(inherited) @executable_path/Frameworks";
				PRODUCT_BUNDLE_IDENTIFIER = TN.PodTest;
				PRODUCT_NAME = "$(TARGET_NAME)";
			};
			name = Debug;
		};
		B226BBCB1EEA6FC5005458AF /* Release */ = {
			isa = XCBuildConfiguration;
			baseConfigurationReference = C135A584A94566A9BFF87923 /* Pods-PodTest.release.xcconfig */;
			buildSettings = {
				ASSETCATALOG_COMPILER_APPICON_NAME = AppIcon;
				DEVELOPMENT_TEAM = PV4KNU453N;
				INFOPLIST_FILE = PodTest/Info.plist;
				LD_RUNPATH_SEARCH_PATHS = "$(inherited) @executable_path/Frameworks";
				PRODUCT_BUNDLE_IDENTIFIER = TN.PodTest;
				PRODUCT_NAME = "$(TARGET_NAME)";
			};
			name = Release;
		};
		B226BBCD1EEA6FC5005458AF /* Debug */ = {
			isa = XCBuildConfiguration;
			buildSettings = {
				BUNDLE_LOADER = "$(TEST_HOST)";
				DEVELOPMENT_TEAM = H9KF4VE576;
				INFOPLIST_FILE = PodTestTests/Info.plist;
				LD_RUNPATH_SEARCH_PATHS = "$(inherited) @executable_path/Frameworks @loader_path/Frameworks";
				PRODUCT_BUNDLE_IDENTIFIER = TN.PodTestTests;
				PRODUCT_NAME = "$(TARGET_NAME)";
				TEST_HOST = "$(BUILT_PRODUCTS_DIR)/PodTest.app/PodTest";
			};
			name = Debug;
		};
		B226BBCE1EEA6FC5005458AF /* Release */ = {
			isa = XCBuildConfiguration;
			buildSettings = {
				BUNDLE_LOADER = "$(TEST_HOST)";
				DEVELOPMENT_TEAM = H9KF4VE576;
				INFOPLIST_FILE = PodTestTests/Info.plist;
				LD_RUNPATH_SEARCH_PATHS = "$(inherited) @executable_path/Frameworks @loader_path/Frameworks";
				PRODUCT_BUNDLE_IDENTIFIER = TN.PodTestTests;
				PRODUCT_NAME = "$(TARGET_NAME)";
				TEST_HOST = "$(BUILT_PRODUCTS_DIR)/PodTest.app/PodTest";
			};
			name = Release;
		};
		B226BBD01EEA6FC5005458AF /* Debug */ = {
			isa = XCBuildConfiguration;
			buildSettings = {
				DEVELOPMENT_TEAM = H9KF4VE576;
				INFOPLIST_FILE = PodTestUITests/Info.plist;
				LD_RUNPATH_SEARCH_PATHS = "$(inherited) @executable_path/Frameworks @loader_path/Frameworks";
				PRODUCT_BUNDLE_IDENTIFIER = TN.PodTestUITests;
				PRODUCT_NAME = "$(TARGET_NAME)";
				TEST_TARGET_NAME = PodTest;
			};
			name = Debug;
		};
		B226BBD11EEA6FC5005458AF /* Release */ = {
			isa = XCBuildConfiguration;
			buildSettings = {
				DEVELOPMENT_TEAM = H9KF4VE576;
				INFOPLIST_FILE = PodTestUITests/Info.plist;
				LD_RUNPATH_SEARCH_PATHS = "$(inherited) @executable_path/Frameworks @loader_path/Frameworks";
				PRODUCT_BUNDLE_IDENTIFIER = TN.PodTestUITests;
				PRODUCT_NAME = "$(TARGET_NAME)";
				TEST_TARGET_NAME = PodTest;
			};
			name = Release;
		};
		B2BDB98D1EF0D300004ED4DC /* Debug */ = {
			isa = XCBuildConfiguration;
			buildSettings = {
				DEVELOPMENT_TEAM = PV4KNU453N;
				INFOPLIST_FILE = TodayExten/Info.plist;
				LD_RUNPATH_SEARCH_PATHS = "$(inherited) @executable_path/Frameworks @executable_path/../../Frameworks";
				PRODUCT_BUNDLE_IDENTIFIER = TN.PodTest.TodayExten;
				PRODUCT_NAME = "$(TARGET_NAME)";
				SKIP_INSTALL = YES;
			};
			name = Debug;
		};
		B2BDB98E1EF0D300004ED4DC /* Release */ = {
			isa = XCBuildConfiguration;
			buildSettings = {
				DEVELOPMENT_TEAM = PV4KNU453N;
				INFOPLIST_FILE = TodayExten/Info.plist;
				LD_RUNPATH_SEARCH_PATHS = "$(inherited) @executable_path/Frameworks @executable_path/../../Frameworks";
				PRODUCT_BUNDLE_IDENTIFIER = TN.PodTest.TodayExten;
				PRODUCT_NAME = "$(TARGET_NAME)";
				SKIP_INSTALL = YES;
			};
			name = Release;
		};
/* End XCBuildConfiguration section */

/* Begin XCConfigurationList section */
		B226BB971EEA6FC5005458AF /* Build configuration list for PBXProject "PodTest" */ = {
			isa = XCConfigurationList;
			buildConfigurations = (
				B226BBC71EEA6FC5005458AF /* Debug */,
				B226BBC81EEA6FC5005458AF /* Release */,
			);
			defaultConfigurationIsVisible = 0;
			defaultConfigurationName = Release;
		};
		B226BBC91EEA6FC5005458AF /* Build configuration list for PBXNativeTarget "PodTest" */ = {
			isa = XCConfigurationList;
			buildConfigurations = (
				B226BBCA1EEA6FC5005458AF /* Debug */,
				B226BBCB1EEA6FC5005458AF /* Release */,
			);
			defaultConfigurationIsVisible = 0;
			defaultConfigurationName = Release;
		};
		B226BBCC1EEA6FC5005458AF /* Build configuration list for PBXNativeTarget "PodTestTests" */ = {
			isa = XCConfigurationList;
			buildConfigurations = (
				B226BBCD1EEA6FC5005458AF /* Debug */,
				B226BBCE1EEA6FC5005458AF /* Release */,
			);
			defaultConfigurationIsVisible = 0;
			defaultConfigurationName = Release;
		};
		B226BBCF1EEA6FC5005458AF /* Build configuration list for PBXNativeTarget "PodTestUITests" */ = {
			isa = XCConfigurationList;
			buildConfigurations = (
				B226BBD01EEA6FC5005458AF /* Debug */,
				B226BBD11EEA6FC5005458AF /* Release */,
			);
			defaultConfigurationIsVisible = 0;
			defaultConfigurationName = Release;
		};
		B2BDB98F1EF0D300004ED4DC /* Build configuration list for PBXNativeTarget "TodayExten" */ = {
			isa = XCConfigurationList;
			buildConfigurations = (
				B2BDB98D1EF0D300004ED4DC /* Debug */,
				B2BDB98E1EF0D300004ED4DC /* Release */,
			);
			defaultConfigurationIsVisible = 0;
			defaultConfigurationName = Release;
		};
/* End XCConfigurationList section */
	};
	rootObject = B226BB941EEA6FC5005458AF /* Project object */;
}
